
Microsoft Visual Studio Solution File, Format Version 12.00
# Visual Studio Version 16
VisualStudioVersion = 16.0.31613.86
MinimumVisualStudioVersion = 10.0.40219.1
Project("{FAE04EC0-301F-11D3-BF4B-00C04F79EFBC}") = "ChangeUserProfileSample", "ChangeUserProfileSample\ChangeUserProfileSample.csproj", "{DEE10C20-9840-47EF-9D6B-352F71719F3B}"
EndProject
Global
	GlobalSection(SolutionConfigurationPlatforms) = preSolution
		Debug|Any CPU = Debug|Any CPU
		Release|Any CPU = Release|Any CPU
	EndGlobalSection
	GlobalSection(ProjectConfigurationPlatforms) = postSolution
		{DEE10C20-9840-47EF-9D6B-352F71719F3B}.Debug|Any CPU.ActiveCfg = Debug|Any CPU
		{DEE10C20-9840-47EF-9D6B-352F71719F3B}.Debug|Any CPU.Build.0 = Debug|Any CPU
		{DEE10C20-9840-47EF-9D6B-352F71719F3B}.Release|Any CPU.ActiveCfg = Release|Any CPU
		{DEE10C20-9840-47EF-9D6B-352F71719F3B}.Release|Any CPU.Build.0 = Release|Any CPU
	EndGlobalSection
	GlobalSection(SolutionProperties) = preSolution
		HideSolutionNode = FALSE
	EndGlobalSection
	GlobalSection(ExtensibilityGlobals) = postSolution
		SolutionGuid = {12C681A2-FF3C-4850-9625-276EA8CF2028}
	EndGlobalSection
EndGlobal
